
Microsoft Visual Studio Solution File, Format Version 12.00
# Visual Studio Version 17
VisualStudioVersion = 17.8.34931.61
MinimumVisualStudioVersion = 10.0.40219.1
Project("{FAE04EC0-301F-11D3-BF4B-00C04F79EFBC}") = "Linq1", "Linq\Linq1.csproj", "{82EA40E6-6AA2-4274-B3D9-8529B226DB94}"
EndProject
Project("{FAE04EC0-301F-11D3-BF4B-00C04F79EFBC}") = "LINQToObjectsAndQueryOperators", "LINQToObjectsAndQueryOperators\LINQToObjectsAndQueryOperators.csproj", "{9B8C695B-C4AE-48CD-8BC0-58D75FBB6605}"
EndProject
Project("{FAE04EC0-301F-11D3-BF4B-00C04F79EFBC}") = "LinqWithXML", "LinqWithXML\LinqWithXML.csproj", "{1083D0B8-C4F7-4012-BC5F-367843D10276}"
EndProject
Project("{FAE04EC0-301F-11D3-BF4B-00C04F79EFBC}") = "LinqToSQL", "LinqToSQL\LinqToSQL.csproj", "{A9032B47-BB12-4D6B-AE5E-59A01B3E78AE}"
EndProject
Global
	GlobalSection(SolutionConfigurationPlatforms) = preSolution
		Debug|Any CPU = Debug|Any CPU
		Release|Any CPU = Release|Any CPU
	EndGlobalSection
	GlobalSection(ProjectConfigurationPlatforms) = postSolution
		{82EA40E6-6AA2-4274-B3D9-8529B226DB94}.Debug|Any CPU.ActiveCfg = Debug|Any CPU
		{82EA40E6-6AA2-4274-B3D9-8529B226DB94}.Debug|Any CPU.Build.0 = Debug|Any CPU
		{82EA40E6-6AA2-4274-B3D9-8529B226DB94}.Release|Any CPU.ActiveCfg = Release|Any CPU
		{82EA40E6-6AA2-4274-B3D9-8529B226DB94}.Release|Any CPU.Build.0 = Release|Any CPU
		{9B8C695B-C4AE-48CD-8BC0-58D75FBB6605}.Debug|Any CPU.ActiveCfg = Debug|Any CPU
		{9B8C695B-C4AE-48CD-8BC0-58D75FBB6605}.Debug|Any CPU.Build.0 = Debug|Any CPU
		{9B8C695B-C4AE-48CD-8BC0-58D75FBB6605}.Release|Any CPU.ActiveCfg = Release|Any CPU
		{9B8C695B-C4AE-48CD-8BC0-58D75FBB6605}.Release|Any CPU.Build.0 = Release|Any CPU
		{1083D0B8-C4F7-4012-BC5F-367843D10276}.Debug|Any CPU.ActiveCfg = Debug|Any CPU
		{1083D0B8-C4F7-4012-BC5F-367843D10276}.Debug|Any CPU.Build.0 = Debug|Any CPU
		{1083D0B8-C4F7-4012-BC5F-367843D10276}.Release|Any CPU.ActiveCfg = Release|Any CPU
		{1083D0B8-C4F7-4012-BC5F-367843D10276}.Release|Any CPU.Build.0 = Release|Any CPU
		{A9032B47-BB12-4D6B-AE5E-59A01B3E78AE}.Debug|Any CPU.ActiveCfg = Debug|Any CPU
		{A9032B47-BB12-4D6B-AE5E-59A01B3E78AE}.Debug|Any CPU.Build.0 = Debug|Any CPU
		{A9032B47-BB12-4D6B-AE5E-59A01B3E78AE}.Release|Any CPU.ActiveCfg = Release|Any CPU
		{A9032B47-BB12-4D6B-AE5E-59A01B3E78AE}.Release|Any CPU.Build.0 = Release|Any CPU
	EndGlobalSection
	GlobalSection(SolutionProperties) = preSolution
		HideSolutionNode = FALSE
	EndGlobalSection
	GlobalSection(ExtensibilityGlobals) = postSolution
		SolutionGuid = {AF1F0536-5528-492F-AE17-F011A2204C26}
	EndGlobalSection
EndGlobal
